{
    "_readme": [
        "This file locks the dependencies of your project to a known state",
        "Read more about it at http://getcomposer.org/doc/01-basic-usage.md#composer-lock-the-lock-file"
    ],
    "hash": "ef7925b0cddc0a1982d6bd080af5092c",
    "packages": [
        {
            "name": "scan/kss-php",
            "version": "v0.6.0",
            "source": {
                "type": "git",
                "url": "https://github.com/scaninc/kss-php.git",
                "reference": "5acddff2758761252d8e6da97680ef1f412457cb"
            },
            "dist": {
                "type": "zip",
                "url": "https://api.github.com/repos/scaninc/kss-php/zipball/5acddff2758761252d8e6da97680ef1f412457cb",
                "reference": "5acddff2758761252d8e6da97680ef1f412457cb",
                "shasum": ""
            },
            "require": {
                "php": ">=5.3.3",
                "symfony/finder": "~2.1"
            },
            "require-dev": {
                "phpunit/phpunit": "3.7.*"
            },
            "type": "library",
            "autoload": {
                "psr-0": {
                    "Scan\\Kss": "lib/"
                }
            },
            "notification-url": "https://packagist.org/downloads/",
            "license": [
                "MIT"
            ],
            "authors": [
                {
                    "name": "Russell Ahlstrom",
                    "email": "russell.ahlstrom@gmail.com",
                    "homepage": "http://russell.ahlstromology.com"
                }
            ],
            "description": "A PHP implementation of KSS: a methodology for documenting CSS and generating styleguides",
            "keywords": [
                "css documentation",
                "kss",
                "styleguide"
            ],
            "time": "2013-11-11 17:49:11"
        },
        {
            "name": "symfony/finder",
            "version": "v2.4.1",
            "target-dir": "Symfony/Component/Finder",
            "source": {
                "type": "git",
                "url": "https://github.com/symfony/Finder.git",
                "reference": "6904345cf2b3bbab1f6d6e4ce1724cb99df9f00a"
            },
            "dist": {
                "type": "zip",
                "url": "https://api.github.com/repos/symfony/Finder/zipball/6904345cf2b3bbab1f6d6e4ce1724cb99df9f00a",
                "reference": "6904345cf2b3bbab1f6d6e4ce1724cb99df9f00a",
                "shasum": ""
            },
            "require": {
                "php": ">=5.3.3"
            },
            "type": "library",
            "extra": {
                "branch-alias": {
                    "dev-master": "2.4-dev"
                }
            },
            "autoload": {
                "psr-0": {
                    "Symfony\\Component\\Finder\\": ""
                }
            },
            "notification-url": "https://packagist.org/downloads/",
            "license": [
                "MIT"
            ],
            "authors": [
                {
                    "name": "Fabien Potencier",
                    "email": "fabien@symfony.com"
                },
                {
                    "name": "Symfony Community",
                    "homepage": "http://symfony.com/contributors"
                }
            ],
            "description": "Symfony Finder Component",
            "homepage": "http://symfony.com",
            "time": "2014-01-01 08:14:50"
        }
    ],
    "packages-dev": [

    ],
    "aliases": [

    ],
    "minimum-stability": "stable",
    "stability-flags": [

    ],
    "platform": [

    ],
    "platform-dev": [

    ]
}
